
Microsoft Visual Studio Solution File, Format Version 12.00
# Visual Studio Version 16
VisualStudioVersion = 16.0.30907.101
MinimumVisualStudioVersion = 10.0.40219.1
Project("{8BC9CEB8-8B4A-11D0-8D11-00A0C91BC942}") = "test_2_14", "test_2_14.vcxproj", "{72C10D65-2867-4E1B-894E-8E72B4D23CA7}"
EndProject
Global
	GlobalSection(SolutionConfigurationPlatforms) = preSolution
		Debug|x64 = Debug|x64
		Debug|x86 = Debug|x86
		Release|x64 = Release|x64
		Release|x86 = Release|x86
	EndGlobalSection
	GlobalSection(ProjectConfigurationPlatforms) = postSolution
		{72C10D65-2867-4E1B-894E-8E72B4D23CA7}.Debug|x64.ActiveCfg = Debug|x64
		{72C10D65-2867-4E1B-894E-8E72B4D23CA7}.Debug|x64.Build.0 = Debug|x64
		{72C10D65-2867-4E1B-894E-8E72B4D23CA7}.Debug|x86.ActiveCfg = Debug|Win32
		{72C10D65-2867-4E1B-894E-8E72B4D23CA7}.Debug|x86.Build.0 = Debug|Win32
		{72C10D65-2867-4E1B-894E-8E72B4D23CA7}.Release|x64.ActiveCfg = Release|x64
		{72C10D65-2867-4E1B-894E-8E72B4D23CA7}.Release|x64.Build.0 = Release|x64
		{72C10D65-2867-4E1B-894E-8E72B4D23CA7}.Release|x86.ActiveCfg = Release|Win32
		{72C10D65-2867-4E1B-894E-8E72B4D23CA7}.Release|x86.Build.0 = Release|Win32
	EndGlobalSection
	GlobalSection(SolutionProperties) = preSolution
		HideSolutionNode = FALSE
	EndGlobalSection
	GlobalSection(ExtensibilityGlobals) = postSolution
		SolutionGuid = {D4D47949-CE76-405C-AEC2-7BFD66EFD81A}
	EndGlobalSection
EndGlobal
