
Microsoft Visual Studio Solution File, Format Version 12.00
# Visual Studio Version 16
VisualStudioVersion = 16.0.30907.101
MinimumVisualStudioVersion = 10.0.40219.1
Project("{8BC9CEB8-8B4A-11D0-8D11-00A0C91BC942}") = "pta_3_4", "pta_3_4.vcxproj", "{359F063C-93C0-4D28-B0C1-60E745C1A3B3}"
EndProject
Global
	GlobalSection(SolutionConfigurationPlatforms) = preSolution
		Debug|x64 = Debug|x64
		Debug|x86 = Debug|x86
		Release|x64 = Release|x64
		Release|x86 = Release|x86
	EndGlobalSection
	GlobalSection(ProjectConfigurationPlatforms) = postSolution
		{359F063C-93C0-4D28-B0C1-60E745C1A3B3}.Debug|x64.ActiveCfg = Debug|x64
		{359F063C-93C0-4D28-B0C1-60E745C1A3B3}.Debug|x64.Build.0 = Debug|x64
		{359F063C-93C0-4D28-B0C1-60E745C1A3B3}.Debug|x86.ActiveCfg = Debug|Win32
		{359F063C-93C0-4D28-B0C1-60E745C1A3B3}.Debug|x86.Build.0 = Debug|Win32
		{359F063C-93C0-4D28-B0C1-60E745C1A3B3}.Release|x64.ActiveCfg = Release|x64
		{359F063C-93C0-4D28-B0C1-60E745C1A3B3}.Release|x64.Build.0 = Release|x64
		{359F063C-93C0-4D28-B0C1-60E745C1A3B3}.Release|x86.ActiveCfg = Release|Win32
		{359F063C-93C0-4D28-B0C1-60E745C1A3B3}.Release|x86.Build.0 = Release|Win32
	EndGlobalSection
	GlobalSection(SolutionProperties) = preSolution
		HideSolutionNode = FALSE
	EndGlobalSection
	GlobalSection(ExtensibilityGlobals) = postSolution
		SolutionGuid = {465971E2-5D8F-4E9D-A3DF-15EE90717C61}
	EndGlobalSection
EndGlobal
