
Microsoft Visual Studio Solution File, Format Version 12.00
# Visual Studio Version 16
VisualStudioVersion = 16.0.30907.101
MinimumVisualStudioVersion = 10.0.40219.1
Project("{8BC9CEB8-8B4A-11D0-8D11-00A0C91BC942}") = "test_2_9", "test_2_9.vcxproj", "{B168E718-B26F-4295-B617-2195E61755EB}"
EndProject
Global
	GlobalSection(SolutionConfigurationPlatforms) = preSolution
		Debug|x64 = Debug|x64
		Debug|x86 = Debug|x86
		Release|x64 = Release|x64
		Release|x86 = Release|x86
	EndGlobalSection
	GlobalSection(ProjectConfigurationPlatforms) = postSolution
		{B168E718-B26F-4295-B617-2195E61755EB}.Debug|x64.ActiveCfg = Debug|x64
		{B168E718-B26F-4295-B617-2195E61755EB}.Debug|x64.Build.0 = Debug|x64
		{B168E718-B26F-4295-B617-2195E61755EB}.Debug|x86.ActiveCfg = Debug|Win32
		{B168E718-B26F-4295-B617-2195E61755EB}.Debug|x86.Build.0 = Debug|Win32
		{B168E718-B26F-4295-B617-2195E61755EB}.Release|x64.ActiveCfg = Release|x64
		{B168E718-B26F-4295-B617-2195E61755EB}.Release|x64.Build.0 = Release|x64
		{B168E718-B26F-4295-B617-2195E61755EB}.Release|x86.ActiveCfg = Release|Win32
		{B168E718-B26F-4295-B617-2195E61755EB}.Release|x86.Build.0 = Release|Win32
	EndGlobalSection
	GlobalSection(SolutionProperties) = preSolution
		HideSolutionNode = FALSE
	EndGlobalSection
	GlobalSection(ExtensibilityGlobals) = postSolution
		SolutionGuid = {62A822F3-1A54-4101-A74A-130FC0D95CF8}
	EndGlobalSection
EndGlobal
